// !$*UTF8*$!
{
	archiveVersion = 1;
	classes = {
	};
	objectVersion = 46;
	objects = {

/* Begin PBXBuildFile section */
		751550151BF0E86C00C9CC59 /* User+CoreDataProperties.m in Sources */ = {isa = PBXBuildFile; fileRef = 751550121BF0E86C00C9CC59 /* User+CoreDataProperties.m */; };
		751550161BF0E86C00C9CC59 /* User.m in Sources */ = {isa = PBXBuildFile; fileRef = 751550141BF0E86C00C9CC59 /* User.m */; };
		754F94731BCD52F600C0624C /* FHICTOAuth.m in Sources */ = {isa = PBXBuildFile; fileRef = 754F94721BCD52F600C0624C /* FHICTOAuth.m */; };
		75611DCC1BE1604A009544C0 /* PersonTableViewCell.m in Sources */ = {isa = PBXBuildFile; fileRef = 75611DCB1BE1604A009544C0 /* PersonTableViewCell.m */; };
		756A28B91BC67F3E0088A921 /* PeopleTableViewController.m in Sources */ = {isa = PBXBuildFile; fileRef = 756A28B81BC67F3E0088A921 /* PeopleTableViewController.m */; };
		7577857D1BC5438900632BCE /* main.m in Sources */ = {isa = PBXBuildFile; fileRef = 7577857C1BC5438900632BCE /* main.m */; };
		757785801BC5438900632BCE /* AppDelegate.m in Sources */ = {isa = PBXBuildFile; fileRef = 7577857F1BC5438900632BCE /* AppDelegate.m */; };
		757785861BC5438900632BCE /* Main.storyboard in Resources */ = {isa = PBXBuildFile; fileRef = 757785841BC5438900632BCE /* Main.storyboard */; };
		757785891BC5438900632BCE /* Go2Study.xcdatamodeld in Sources */ = {isa = PBXBuildFile; fileRef = 757785871BC5438900632BCE /* Go2Study.xcdatamodeld */; };
		7577858B1BC5438900632BCE /* Assets.xcassets in Resources */ = {isa = PBXBuildFile; fileRef = 7577858A1BC5438900632BCE /* Assets.xcassets */; };
		7577858E1BC5438900632BCE /* LaunchScreen.storyboard in Resources */ = {isa = PBXBuildFile; fileRef = 7577858C1BC5438900632BCE /* LaunchScreen.storyboard */; };
		757785991BC5438900632BCE /* Go2StudyTests.m in Sources */ = {isa = PBXBuildFile; fileRef = 757785981BC5438900632BCE /* Go2StudyTests.m */; };
		757785A41BC5438900632BCE /* Go2StudyUITests.m in Sources */ = {isa = PBXBuildFile; fileRef = 757785A31BC5438900632BCE /* Go2StudyUITests.m */; };
		757BBB431BE356AC00618C5A /* PersonTableViewController.m in Sources */ = {isa = PBXBuildFile; fileRef = 757BBB421BE356AC00618C5A /* PersonTableViewController.m */; };
		758946131BC5484800798BBD /* LoginViewController.m in Sources */ = {isa = PBXBuildFile; fileRef = 758946121BC5484800798BBD /* LoginViewController.m */; };
		75B46B7D1BF211EE000E3BE2 /* FontysClient.m in Sources */ = {isa = PBXBuildFile; fileRef = 75B46B7C1BF211EE000E3BE2 /* FontysClient.m */; };
		75CAFDC81BE8CC3700AF5AA8 /* G2SApi.m in Sources */ = {isa = PBXBuildFile; fileRef = 75CAFDC71BE8CC3700AF5AA8 /* G2SApi.m */; };
		75F7E2F41BF0F49300BAEF19 /* CalendarTableViewController.m in Sources */ = {isa = PBXBuildFile; fileRef = 75F7E2F31BF0F49300BAEF19 /* CalendarTableViewController.m */; };
		75F7E2F71BF0F49E00BAEF19 /* MessagesTableViewController.m in Sources */ = {isa = PBXBuildFile; fileRef = 75F7E2F61BF0F49E00BAEF19 /* MessagesTableViewController.m */; };
		75F7E2FA1BF0F4B100BAEF19 /* ProfileTableViewController.m in Sources */ = {isa = PBXBuildFile; fileRef = 75F7E2F91BF0F4B100BAEF19 /* ProfileTableViewController.m */; };
		F6CCA0898FEA8F427AC50DF2 /* libPods.a in Frameworks */ = {isa = PBXBuildFile; fileRef = 40FE83AD5AC9E10F4F2AA914 /* libPods.a */; };
/* End PBXBuildFile section */

/* Begin PBXContainerItemProxy section */
		757785951BC5438900632BCE /* PBXContainerItemProxy */ = {
			isa = PBXContainerItemProxy;
			containerPortal = 757785701BC5438900632BCE /* Project object */;
			proxyType = 1;
			remoteGlobalIDString = 757785771BC5438900632BCE;
			remoteInfo = Go2Study;
		};
		757785A01BC5438900632BCE /* PBXContainerItemProxy */ = {
			isa = PBXContainerItemProxy;
			containerPortal = 757785701BC5438900632BCE /* Project object */;
			proxyType = 1;
			remoteGlobalIDString = 757785771BC5438900632BCE;
			remoteInfo = Go2Study;
		};
/* End PBXContainerItemProxy section */

/* Begin PBXFileReference section */
		40FE83AD5AC9E10F4F2AA914 /* libPods.a */ = {isa = PBXFileReference; explicitFileType = archive.ar; includeInIndex = 0; path = libPods.a; sourceTree = BUILT_PRODUCTS_DIR; };
		6961D4399464035EE1FB97DE /* Pods.debug.xcconfig */ = {isa = PBXFileReference; includeInIndex = 1; lastKnownFileType = text.xcconfig; name = Pods.debug.xcconfig; path = "Pods/Target Support Files/Pods/Pods.debug.xcconfig"; sourceTree = "<group>"; };
		6B3FA0AD4E81A0F9CA9B5A29 /* Pods.release.xcconfig */ = {isa = PBXFileReference; includeInIndex = 1; lastKnownFileType = text.xcconfig; name = Pods.release.xcconfig; path = "Pods/Target Support Files/Pods/Pods.release.xcconfig"; sourceTree = "<group>"; };
		751550111BF0E86C00C9CC59 /* User+CoreDataProperties.h */ = {isa = PBXFileReference; fileEncoding = 4; lastKnownFileType = sourcecode.c.h; path = "User+CoreDataProperties.h"; sourceTree = "<group>"; };
		751550121BF0E86C00C9CC59 /* User+CoreDataProperties.m */ = {isa = PBXFileReference; fileEncoding = 4; lastKnownFileType = sourcecode.c.objc; path = "User+CoreDataProperties.m"; sourceTree = "<group>"; };
		751550131BF0E86C00C9CC59 /* User.h */ = {isa = PBXFileReference; fileEncoding = 4; lastKnownFileType = sourcecode.c.h; path = User.h; sourceTree = "<group>"; };
		751550141BF0E86C00C9CC59 /* User.m */ = {isa = PBXFileReference; fileEncoding = 4; lastKnownFileType = sourcecode.c.objc; path = User.m; sourceTree = "<group>"; };
		754F94711BCD52F600C0624C /* FHICTOAuth.h */ = {isa = PBXFileReference; fileEncoding = 4; lastKnownFileType = sourcecode.c.h; path = FHICTOAuth.h; sourceTree = "<group>"; };
		754F94721BCD52F600C0624C /* FHICTOAuth.m */ = {isa = PBXFileReference; fileEncoding = 4; lastKnownFileType = sourcecode.c.objc; path = FHICTOAuth.m; sourceTree = "<group>"; };
		75611DCA1BE1604A009544C0 /* PersonTableViewCell.h */ = {isa = PBXFileReference; fileEncoding = 4; lastKnownFileType = sourcecode.c.h; path = PersonTableViewCell.h; sourceTree = "<group>"; };
		75611DCB1BE1604A009544C0 /* PersonTableViewCell.m */ = {isa = PBXFileReference; fileEncoding = 4; lastKnownFileType = sourcecode.c.objc; path = PersonTableViewCell.m; sourceTree = "<group>"; };
		756A28B71BC67F3E0088A921 /* PeopleTableViewController.h */ = {isa = PBXFileReference; fileEncoding = 4; lastKnownFileType = sourcecode.c.h; path = PeopleTableViewController.h; sourceTree = "<group>"; };
		756A28B81BC67F3E0088A921 /* PeopleTableViewController.m */ = {isa = PBXFileReference; fileEncoding = 4; lastKnownFileType = sourcecode.c.objc; path = PeopleTableViewController.m; sourceTree = "<group>"; };
		757785781BC5438900632BCE /* Go2Study.app */ = {isa = PBXFileReference; explicitFileType = wrapper.application; includeInIndex = 0; path = Go2Study.app; sourceTree = BUILT_PRODUCTS_DIR; };
		7577857C1BC5438900632BCE /* main.m */ = {isa = PBXFileReference; lastKnownFileType = sourcecode.c.objc; path = main.m; sourceTree = "<group>"; };
		7577857E1BC5438900632BCE /* AppDelegate.h */ = {isa = PBXFileReference; lastKnownFileType = sourcecode.c.h; path = AppDelegate.h; sourceTree = "<group>"; };
		7577857F1BC5438900632BCE /* AppDelegate.m */ = {isa = PBXFileReference; lastKnownFileType = sourcecode.c.objc; path = AppDelegate.m; sourceTree = "<group>"; };
		757785851BC5438900632BCE /* Base */ = {isa = PBXFileReference; lastKnownFileType = file.storyboard; name = Base; path = Base.lproj/Main.storyboard; sourceTree = "<group>"; };
		757785881BC5438900632BCE /* Go2Study.xcdatamodel */ = {isa = PBXFileReference; lastKnownFileType = wrapper.xcdatamodel; path = Go2Study.xcdatamodel; sourceTree = "<group>"; };
		7577858A1BC5438900632BCE /* Assets.xcassets */ = {isa = PBXFileReference; lastKnownFileType = folder.assetcatalog; path = Assets.xcassets; sourceTree = "<group>"; };
		7577858D1BC5438900632BCE /* Base */ = {isa = PBXFileReference; lastKnownFileType = file.storyboard; name = Base; path = Base.lproj/LaunchScreen.storyboard; sourceTree = "<group>"; };
		7577858F1BC5438900632BCE /* Info.plist */ = {isa = PBXFileReference; lastKnownFileType = text.plist.xml; path = Info.plist; sourceTree = "<group>"; };
		757785941BC5438900632BCE /* Go2StudyTests.xctest */ = {isa = PBXFileReference; explicitFileType = wrapper.cfbundle; includeInIndex = 0; path = Go2StudyTests.xctest; sourceTree = BUILT_PRODUCTS_DIR; };
		757785981BC5438900632BCE /* Go2StudyTests.m */ = {isa = PBXFileReference; lastKnownFileType = sourcecode.c.objc; path = Go2StudyTests.m; sourceTree = "<group>"; };
		7577859A1BC5438900632BCE /* Info.plist */ = {isa = PBXFileReference; lastKnownFileType = text.plist.xml; path = Info.plist; sourceTree = "<group>"; };
		7577859F1BC5438900632BCE /* Go2StudyUITests.xctest */ = {isa = PBXFileReference; explicitFileType = wrapper.cfbundle; includeInIndex = 0; path = Go2StudyUITests.xctest; sourceTree = BUILT_PRODUCTS_DIR; };
		757785A31BC5438900632BCE /* Go2StudyUITests.m */ = {isa = PBXFileReference; lastKnownFileType = sourcecode.c.objc; path = Go2StudyUITests.m; sourceTree = "<group>"; };
		757785A51BC5438900632BCE /* Info.plist */ = {isa = PBXFileReference; lastKnownFileType = text.plist.xml; path = Info.plist; sourceTree = "<group>"; };
		757BBB411BE356AC00618C5A /* PersonTableViewController.h */ = {isa = PBXFileReference; fileEncoding = 4; lastKnownFileType = sourcecode.c.h; path = PersonTableViewController.h; sourceTree = "<group>"; };
		757BBB421BE356AC00618C5A /* PersonTableViewController.m */ = {isa = PBXFileReference; fileEncoding = 4; lastKnownFileType = sourcecode.c.objc; path = PersonTableViewController.m; sourceTree = "<group>"; };
		758946111BC5484800798BBD /* LoginViewController.h */ = {isa = PBXFileReference; fileEncoding = 4; lastKnownFileType = sourcecode.c.h; path = LoginViewController.h; sourceTree = "<group>"; };
		758946121BC5484800798BBD /* LoginViewController.m */ = {isa = PBXFileReference; fileEncoding = 4; lastKnownFileType = sourcecode.c.objc; path = LoginViewController.m; sourceTree = "<group>"; };
		75B46B7B1BF211EE000E3BE2 /* FontysClient.h */ = {isa = PBXFileReference; fileEncoding = 4; lastKnownFileType = sourcecode.c.h; path = FontysClient.h; sourceTree = "<group>"; };
		75B46B7C1BF211EE000E3BE2 /* FontysClient.m */ = {isa = PBXFileReference; fileEncoding = 4; lastKnownFileType = sourcecode.c.objc; path = FontysClient.m; sourceTree = "<group>"; };
		75CAFDC61BE8CC3700AF5AA8 /* G2SApi.h */ = {isa = PBXFileReference; fileEncoding = 4; lastKnownFileType = sourcecode.c.h; path = G2SApi.h; sourceTree = "<group>"; };
		75CAFDC71BE8CC3700AF5AA8 /* G2SApi.m */ = {isa = PBXFileReference; fileEncoding = 4; lastKnownFileType = sourcecode.c.objc; path = G2SApi.m; sourceTree = "<group>"; };
		75F7E2F21BF0F49300BAEF19 /* CalendarTableViewController.h */ = {isa = PBXFileReference; fileEncoding = 4; lastKnownFileType = sourcecode.c.h; path = CalendarTableViewController.h; sourceTree = "<group>"; };
		75F7E2F31BF0F49300BAEF19 /* CalendarTableViewController.m */ = {isa = PBXFileReference; fileEncoding = 4; lastKnownFileType = sourcecode.c.objc; path = CalendarTableViewController.m; sourceTree = "<group>"; };
		75F7E2F51BF0F49E00BAEF19 /* MessagesTableViewController.h */ = {isa = PBXFileReference; fileEncoding = 4; lastKnownFileType = sourcecode.c.h; path = MessagesTableViewController.h; sourceTree = "<group>"; };
		75F7E2F61BF0F49E00BAEF19 /* MessagesTableViewController.m */ = {isa = PBXFileReference; fileEncoding = 4; lastKnownFileType = sourcecode.c.objc; path = MessagesTableViewController.m; sourceTree = "<group>"; };
		75F7E2F81BF0F4B100BAEF19 /* ProfileTableViewController.h */ = {isa = PBXFileReference; fileEncoding = 4; lastKnownFileType = sourcecode.c.h; path = ProfileTableViewController.h; sourceTree = "<group>"; };
		75F7E2F91BF0F4B100BAEF19 /* ProfileTableViewController.m */ = {isa = PBXFileReference; fileEncoding = 4; lastKnownFileType = sourcecode.c.objc; path = ProfileTableViewController.m; sourceTree = "<group>"; };
/* End PBXFileReference section */

/* Begin PBXFrameworksBuildPhase section */
		757785751BC5438900632BCE /* Frameworks */ = {
			isa = PBXFrameworksBuildPhase;
			buildActionMask = 2147483647;
			files = (
				F6CCA0898FEA8F427AC50DF2 /* libPods.a in Frameworks */,
			);
			runOnlyForDeploymentPostprocessing = 0;
		};
		757785911BC5438900632BCE /* Frameworks */ = {
			isa = PBXFrameworksBuildPhase;
			buildActionMask = 2147483647;
			files = (
			);
			runOnlyForDeploymentPostprocessing = 0;
		};
		7577859C1BC5438900632BCE /* Frameworks */ = {
			isa = PBXFrameworksBuildPhase;
			buildActionMask = 2147483647;
			files = (
			);
			runOnlyForDeploymentPostprocessing = 0;
		};
/* End PBXFrameworksBuildPhase section */

/* Begin PBXGroup section */
		64815FAD6FE3FD105C838F89 /* Pods */ = {
			isa = PBXGroup;
			children = (
				6961D4399464035EE1FB97DE /* Pods.debug.xcconfig */,
				6B3FA0AD4E81A0F9CA9B5A29 /* Pods.release.xcconfig */,
			);
			name = Pods;
			sourceTree = "<group>";
		};
		754F94701BCD52C000C0624C /* Libraries */ = {
			isa = PBXGroup;
			children = (
				754F94711BCD52F600C0624C /* FHICTOAuth.h */,
				754F94721BCD52F600C0624C /* FHICTOAuth.m */,
				75CAFDC61BE8CC3700AF5AA8 /* G2SApi.h */,
				75CAFDC71BE8CC3700AF5AA8 /* G2SApi.m */,
				75B46B7B1BF211EE000E3BE2 /* FontysClient.h */,
				75B46B7C1BF211EE000E3BE2 /* FontysClient.m */,
			);
			path = Libraries;
			sourceTree = "<group>";
		};
		75611DC91BE16016009544C0 /* Views */ = {
			isa = PBXGroup;
			children = (
				75611DCA1BE1604A009544C0 /* PersonTableViewCell.h */,
				75611DCB1BE1604A009544C0 /* PersonTableViewCell.m */,
			);
			path = Views;
			sourceTree = "<group>";
		};
		7577856F1BC5438900632BCE = {
			isa = PBXGroup;
			children = (
				7577857A1BC5438900632BCE /* Go2Study */,
				757785971BC5438900632BCE /* Go2StudyTests */,
				757785A21BC5438900632BCE /* Go2StudyUITests */,
				757785791BC5438900632BCE /* Products */,
				64815FAD6FE3FD105C838F89 /* Pods */,
				C9E751A8C03F293D1886EEAA /* Frameworks */,
			);
			sourceTree = "<group>";
		};
		757785791BC5438900632BCE /* Products */ = {
			isa = PBXGroup;
			children = (
				757785781BC5438900632BCE /* Go2Study.app */,
				757785941BC5438900632BCE /* Go2StudyTests.xctest */,
				7577859F1BC5438900632BCE /* Go2StudyUITests.xctest */,
			);
			name = Products;
			sourceTree = "<group>";
		};
		7577857A1BC5438900632BCE /* Go2Study */ = {
			isa = PBXGroup;
			children = (
				75611DC91BE16016009544C0 /* Views */,
				754F94701BCD52C000C0624C /* Libraries */,
				757785B21BC543F100632BCE /* View Controllers */,
				757785B11BC543EB00632BCE /* Models */,
				7577857E1BC5438900632BCE /* AppDelegate.h */,
				7577857F1BC5438900632BCE /* AppDelegate.m */,
				757785841BC5438900632BCE /* Main.storyboard */,
				7577858A1BC5438900632BCE /* Assets.xcassets */,
				7577858C1BC5438900632BCE /* LaunchScreen.storyboard */,
				7577858F1BC5438900632BCE /* Info.plist */,
				757785871BC5438900632BCE /* Go2Study.xcdatamodeld */,
				7577857B1BC5438900632BCE /* Supporting Files */,
			);
			path = Go2Study;
			sourceTree = "<group>";
		};
		7577857B1BC5438900632BCE /* Supporting Files */ = {
			isa = PBXGroup;
			children = (
				7577857C1BC5438900632BCE /* main.m */,
			);
			name = "Supporting Files";
			sourceTree = "<group>";
		};
		757785971BC5438900632BCE /* Go2StudyTests */ = {
			isa = PBXGroup;
			children = (
				757785981BC5438900632BCE /* Go2StudyTests.m */,
				7577859A1BC5438900632BCE /* Info.plist */,
			);
			path = Go2StudyTests;
			sourceTree = "<group>";
		};
		757785A21BC5438900632BCE /* Go2StudyUITests */ = {
			isa = PBXGroup;
			children = (
				757785A31BC5438900632BCE /* Go2StudyUITests.m */,
				757785A51BC5438900632BCE /* Info.plist */,
			);
			path = Go2StudyUITests;
			sourceTree = "<group>";
		};
		757785B11BC543EB00632BCE /* Models */ = {
			isa = PBXGroup;
			children = (
				751550111BF0E86C00C9CC59 /* User+CoreDataProperties.h */,
				751550121BF0E86C00C9CC59 /* User+CoreDataProperties.m */,
				751550131BF0E86C00C9CC59 /* User.h */,
				751550141BF0E86C00C9CC59 /* User.m */,
			);
			path = Models;
			sourceTree = "<group>";
		};
		757785B21BC543F100632BCE /* View Controllers */ = {
			isa = PBXGroup;
			children = (
				758946111BC5484800798BBD /* LoginViewController.h */,
				758946121BC5484800798BBD /* LoginViewController.m */,
				756A28B71BC67F3E0088A921 /* PeopleTableViewController.h */,
				756A28B81BC67F3E0088A921 /* PeopleTableViewController.m */,
				757BBB411BE356AC00618C5A /* PersonTableViewController.h */,
				757BBB421BE356AC00618C5A /* PersonTableViewController.m */,
				75F7E2F21BF0F49300BAEF19 /* CalendarTableViewController.h */,
				75F7E2F31BF0F49300BAEF19 /* CalendarTableViewController.m */,
				75F7E2F51BF0F49E00BAEF19 /* MessagesTableViewController.h */,
				75F7E2F61BF0F49E00BAEF19 /* MessagesTableViewController.m */,
				75F7E2F81BF0F4B100BAEF19 /* ProfileTableViewController.h */,
				75F7E2F91BF0F4B100BAEF19 /* ProfileTableViewController.m */,
			);
			path = "View Controllers";
			sourceTree = "<group>";
		};
		C9E751A8C03F293D1886EEAA /* Frameworks */ = {
			isa = PBXGroup;
			children = (
				40FE83AD5AC9E10F4F2AA914 /* libPods.a */,
			);
			name = Frameworks;
			sourceTree = "<group>";
		};
/* End PBXGroup section */

/* Begin PBXNativeTarget section */
		757785771BC5438900632BCE /* Go2Study */ = {
			isa = PBXNativeTarget;
			buildConfigurationList = 757785A81BC5438A00632BCE /* Build configuration list for PBXNativeTarget "Go2Study" */;
			buildPhases = (
				7CD4D8CBCBEE906532D2B029 /* Check Pods Manifest.lock */,
				757785741BC5438900632BCE /* Sources */,
				757785751BC5438900632BCE /* Frameworks */,
				757785761BC5438900632BCE /* Resources */,
				F4A5312CE01F7EC34792B191 /* Embed Pods Frameworks */,
				DF6747A40C028F3A4B7002C4 /* Copy Pods Resources */,
			);
			buildRules = (
			);
			dependencies = (
			);
			name = Go2Study;
			productName = Go2Study;
			productReference = 757785781BC5438900632BCE /* Go2Study.app */;
			productType = "com.apple.product-type.application";
		};
		757785931BC5438900632BCE /* Go2StudyTests */ = {
			isa = PBXNativeTarget;
			buildConfigurationList = 757785AB1BC5438A00632BCE /* Build configuration list for PBXNativeTarget "Go2StudyTests" */;
			buildPhases = (
				757785901BC5438900632BCE /* Sources */,
				757785911BC5438900632BCE /* Frameworks */,
				757785921BC5438900632BCE /* Resources */,
			);
			buildRules = (
			);
			dependencies = (
				757785961BC5438900632BCE /* PBXTargetDependency */,
			);
			name = Go2StudyTests;
			productName = Go2StudyTests;
			productReference = 757785941BC5438900632BCE /* Go2StudyTests.xctest */;
			productType = "com.apple.product-type.bundle.unit-test";
		};
		7577859E1BC5438900632BCE /* Go2StudyUITests */ = {
			isa = PBXNativeTarget;
			buildConfigurationList = 757785AE1BC5438A00632BCE /* Build configuration list for PBXNativeTarget "Go2StudyUITests" */;
			buildPhases = (
				7577859B1BC5438900632BCE /* Sources */,
				7577859C1BC5438900632BCE /* Frameworks */,
				7577859D1BC5438900632BCE /* Resources */,
			);
			buildRules = (
			);
			dependencies = (
				757785A11BC5438900632BCE /* PBXTargetDependency */,
			);
			name = Go2StudyUITests;
			productName = Go2StudyUITests;
			productReference = 7577859F1BC5438900632BCE /* Go2StudyUITests.xctest */;
			productType = "com.apple.product-type.bundle.ui-testing";
		};
/* End PBXNativeTarget section */

/* Begin PBXProject section */
		757785701BC5438900632BCE /* Project object */ = {
			isa = PBXProject;
			attributes = {
				LastUpgradeCheck = 0700;
				ORGANIZATIONNAME = Go2Study;
				TargetAttributes = {
					757785771BC5438900632BCE = {
						CreatedOnToolsVersion = 7.0.1;
						DevelopmentTeam = 976L7LAGZD;
					};
					757785931BC5438900632BCE = {
						CreatedOnToolsVersion = 7.0.1;
						DevelopmentTeam = 976L7LAGZD;
						TestTargetID = 757785771BC5438900632BCE;
					};
					7577859E1BC5438900632BCE = {
						CreatedOnToolsVersion = 7.0.1;
						DevelopmentTeam = 976L7LAGZD;
						TestTargetID = 757785771BC5438900632BCE;
					};
				};
			};
			buildConfigurationList = 757785731BC5438900632BCE /* Build configuration list for PBXProject "Go2Study" */;
			compatibilityVersion = "Xcode 3.2";
			developmentRegion = English;
			hasScannedForEncodings = 0;
			knownRegions = (
				en,
				Base,
			);
			mainGroup = 7577856F1BC5438900632BCE;
			productRefGroup = 757785791BC5438900632BCE /* Products */;
			projectDirPath = "";
			projectRoot = "";
			targets = (
				757785771BC5438900632BCE /* Go2Study */,
				757785931BC5438900632BCE /* Go2StudyTests */,
				7577859E1BC5438900632BCE /* Go2StudyUITests */,
			);
		};
/* End PBXProject section */

/* Begin PBXResourcesBuildPhase section */
		757785761BC5438900632BCE /* Resources */ = {
			isa = PBXResourcesBuildPhase;
			buildActionMask = 2147483647;
			files = (
				7577858E1BC5438900632BCE /* LaunchScreen.storyboard in Resources */,
				7577858B1BC5438900632BCE /* Assets.xcassets in Resources */,
				757785861BC5438900632BCE /* Main.storyboard in Resources */,
			);
			runOnlyForDeploymentPostprocessing = 0;
		};
		757785921BC5438900632BCE /* Resources */ = {
			isa = PBXResourcesBuildPhase;
			buildActionMask = 2147483647;
			files = (
			);
			runOnlyForDeploymentPostprocessing = 0;
		};
		7577859D1BC5438900632BCE /* Resources */ = {
			isa = PBXResourcesBuildPhase;
			buildActionMask = 2147483647;
			files = (
			);
			runOnlyForDeploymentPostprocessing = 0;
		};
/* End PBXResourcesBuildPhase section */

/* Begin PBXShellScriptBuildPhase section */
		7CD4D8CBCBEE906532D2B029 /* Check Pods Manifest.lock */ = {
			isa = PBXShellScriptBuildPhase;
			buildActionMask = 2147483647;
			files = (
			);
			inputPaths = (
			);
			name = "Check Pods Manifest.lock";
			outputPaths = (
			);
			runOnlyForDeploymentPostprocessing = 0;
			shellPath = /bin/sh;
			shellScript = "diff \"${PODS_ROOT}/../Podfile.lock\" \"${PODS_ROOT}/Manifest.lock\" > /dev/null\nif [[ $? != 0 ]] ; then\n    cat << EOM\nerror: The sandbox is not in sync with the Podfile.lock. Run 'pod install' or update your CocoaPods installation.\nEOM\n    exit 1\nfi\n";
			showEnvVarsInLog = 0;
		};
		DF6747A40C028F3A4B7002C4 /* Copy Pods Resources */ = {
			isa = PBXShellScriptBuildPhase;
			buildActionMask = 2147483647;
			files = (
			);
			inputPaths = (
			);
			name = "Copy Pods Resources";
			outputPaths = (
			);
			runOnlyForDeploymentPostprocessing = 0;
			shellPath = /bin/sh;
			shellScript = "\"${SRCROOT}/Pods/Target Support Files/Pods/Pods-resources.sh\"\n";
			showEnvVarsInLog = 0;
		};
		F4A5312CE01F7EC34792B191 /* Embed Pods Frameworks */ = {
			isa = PBXShellScriptBuildPhase;
			buildActionMask = 2147483647;
			files = (
			);
			inputPaths = (
			);
			name = "Embed Pods Frameworks";
			outputPaths = (
			);
			runOnlyForDeploymentPostprocessing = 0;
			shellPath = /bin/sh;
			shellScript = "\"${SRCROOT}/Pods/Target Support Files/Pods/Pods-frameworks.sh\"\n";
			showEnvVarsInLog = 0;
		};
/* End PBXShellScriptBuildPhase section */

/* Begin PBXSourcesBuildPhase section */
		757785741BC5438900632BCE /* Sources */ = {
			isa = PBXSourcesBuildPhase;
			buildActionMask = 2147483647;
			files = (
				751550151BF0E86C00C9CC59 /* User+CoreDataProperties.m in Sources */,
				754F94731BCD52F600C0624C /* FHICTOAuth.m in Sources */,
				757BBB431BE356AC00618C5A /* PersonTableViewController.m in Sources */,
				75F7E2FA1BF0F4B100BAEF19 /* ProfileTableViewController.m in Sources */,
				756A28B91BC67F3E0088A921 /* PeopleTableViewController.m in Sources */,
				75611DCC1BE1604A009544C0 /* PersonTableViewCell.m in Sources */,
				75F7E2F41BF0F49300BAEF19 /* CalendarTableViewController.m in Sources */,
				758946131BC5484800798BBD /* LoginViewController.m in Sources */,
				751550161BF0E86C00C9CC59 /* User.m in Sources */,
				757785801BC5438900632BCE /* AppDelegate.m in Sources */,
				75B46B7D1BF211EE000E3BE2 /* FontysClient.m in Sources */,
				75CAFDC81BE8CC3700AF5AA8 /* G2SApi.m in Sources */,
				757785891BC5438900632BCE /* Go2Study.xcdatamodeld in Sources */,
				7577857D1BC5438900632BCE /* main.m in Sources */,
				75F7E2F71BF0F49E00BAEF19 /* MessagesTableViewController.m in Sources */,
			);
			runOnlyForDeploymentPostprocessing = 0;
		};
		757785901BC5438900632BCE /* Sources */ = {
			isa = PBXSourcesBuildPhase;
			buildActionMask = 2147483647;
			files = (
				757785991BC5438900632BCE /* Go2StudyTests.m in Sources */,
			);
			runOnlyForDeploymentPostprocessing = 0;
		};
		7577859B1BC5438900632BCE /* Sources */ = {
			isa = PBXSourcesBuildPhase;
			buildActionMask = 2147483647;
			files = (
				757785A41BC5438900632BCE /* Go2StudyUITests.m in Sources */,
			);
			runOnlyForDeploymentPostprocessing = 0;
		};
/* End PBXSourcesBuildPhase section */

/* Begin PBXTargetDependency section */
		757785961BC5438900632BCE /* PBXTargetDependency */ = {
			isa = PBXTargetDependency;
			target = 757785771BC5438900632BCE /* Go2Study */;
			targetProxy = 757785951BC5438900632BCE /* PBXContainerItemProxy */;
		};
		757785A11BC5438900632BCE /* PBXTargetDependency */ = {
			isa = PBXTargetDependency;
			target = 757785771BC5438900632BCE /* Go2Study */;
			targetProxy = 757785A01BC5438900632BCE /* PBXContainerItemProxy */;
		};
/* End PBXTargetDependency section */

/* Begin PBXVariantGroup section */
		757785841BC5438900632BCE /* Main.storyboard */ = {
			isa = PBXVariantGroup;
			children = (
				757785851BC5438900632BCE /* Base */,
			);
			name = Main.storyboard;
			sourceTree = "<group>";
		};
		7577858C1BC5438900632BCE /* LaunchScreen.storyboard */ = {
			isa = PBXVariantGroup;
			children = (
				7577858D1BC5438900632BCE /* Base */,
			);
			name = LaunchScreen.storyboard;
			sourceTree = "<group>";
		};
/* End PBXVariantGroup section */

/* Begin XCBuildConfiguration section */
		757785A61BC5438A00632BCE /* Debug */ = {
			isa = XCBuildConfiguration;
			buildSettings = {
				ALWAYS_SEARCH_USER_PATHS = NO;
				CLANG_CXX_LANGUAGE_STANDARD = "gnu++0x";
				CLANG_CXX_LIBRARY = "libc++";
				CLANG_ENABLE_MODULES = YES;
				CLANG_ENABLE_OBJC_ARC = YES;
				CLANG_WARN_BOOL_CONVERSION = YES;
				CLANG_WARN_CONSTANT_CONVERSION = YES;
				CLANG_WARN_DIRECT_OBJC_ISA_USAGE = YES_ERROR;
				CLANG_WARN_EMPTY_BODY = YES;
				CLANG_WARN_ENUM_CONVERSION = YES;
				CLANG_WARN_INT_CONVERSION = YES;
				CLANG_WARN_OBJC_ROOT_CLASS = YES_ERROR;
				CLANG_WARN_UNREACHABLE_CODE = YES;
				CLANG_WARN__DUPLICATE_METHOD_MATCH = YES;
				"CODE_SIGN_IDENTITY[sdk=iphoneos*]" = "iPhone Developer";
				COPY_PHASE_STRIP = NO;
				DEBUG_INFORMATION_FORMAT = dwarf;
				ENABLE_STRICT_OBJC_MSGSEND = YES;
				ENABLE_TESTABILITY = YES;
				GCC_C_LANGUAGE_STANDARD = gnu99;
				GCC_DYNAMIC_NO_PIC = NO;
				GCC_NO_COMMON_BLOCKS = YES;
				GCC_OPTIMIZATION_LEVEL = 0;
				GCC_PREPROCESSOR_DEFINITIONS = (
					"DEBUG=1",
					"$(inherited)",
				);
				GCC_WARN_64_TO_32_BIT_CONVERSION = YES;
				GCC_WARN_ABOUT_RETURN_TYPE = YES_ERROR;
				GCC_WARN_UNDECLARED_SELECTOR = YES;
				GCC_WARN_UNINITIALIZED_AUTOS = YES_AGGRESSIVE;
				GCC_WARN_UNUSED_FUNCTION = YES;
				GCC_WARN_UNUSED_VARIABLE = YES;
				IPHONEOS_DEPLOYMENT_TARGET = 9.0;
				MTL_ENABLE_DEBUG_INFO = YES;
				ONLY_ACTIVE_ARCH = YES;
				SDKROOT = iphoneos;
			};
			name = Debug;
		};
		757785A71BC5438A00632BCE /* Release */ = {
			isa = XCBuildConfiguration;
			buildSettings = {
				ALWAYS_SEARCH_USER_PATHS = NO;
				CLANG_CXX_LANGUAGE_STANDARD = "gnu++0x";
				CLANG_CXX_LIBRARY = "libc++";
				CLANG_ENABLE_MODULES = YES;
				CLANG_ENABLE_OBJC_ARC = YES;
				CLANG_WARN_BOOL_CONVERSION = YES;
				CLANG_WARN_CONSTANT_CONVERSION = YES;
				CLANG_WARN_DIRECT_OBJC_ISA_USAGE = YES_ERROR;
				CLANG_WARN_EMPTY_BODY = YES;
				CLANG_WARN_ENUM_CONVERSION = YES;
				CLANG_WARN_INT_CONVERSION = YES;
				CLANG_WARN_OBJC_ROOT_CLASS = YES_ERROR;
				CLANG_WARN_UNREACHABLE_CODE = YES;
				CLANG_WARN__DUPLICATE_METHOD_MATCH = YES;
				"CODE_SIGN_IDENTITY[sdk=iphoneos*]" = "iPhone Developer";
				COPY_PHASE_STRIP = NO;
				DEBUG_INFORMATION_FORMAT = "dwarf-with-dsym";
				ENABLE_NS_ASSERTIONS = NO;
				ENABLE_STRICT_OBJC_MSGSEND = YES;
				GCC_C_LANGUAGE_STANDARD = gnu99;
				GCC_NO_COMMON_BLOCKS = YES;
				GCC_WARN_64_TO_32_BIT_CONVERSION = YES;
				GCC_WARN_ABOUT_RETURN_TYPE = YES_ERROR;
				GCC_WARN_UNDECLARED_SELECTOR = YES;
				GCC_WARN_UNINITIALIZED_AUTOS = YES_AGGRESSIVE;
				GCC_WARN_UNUSED_FUNCTION = YES;
				GCC_WARN_UNUSED_VARIABLE = YES;
				IPHONEOS_DEPLOYMENT_TARGET = 9.0;
				MTL_ENABLE_DEBUG_INFO = NO;
				SDKROOT = iphoneos;
				VALIDATE_PRODUCT = YES;
			};
			name = Release;
		};
		757785A91BC5438A00632BCE /* Debug */ = {
			isa = XCBuildConfiguration;
			baseConfigurationReference = 6961D4399464035EE1FB97DE /* Pods.debug.xcconfig */;
			buildSettings = {
				ASSETCATALOG_COMPILER_APPICON_NAME = AppIcon;
				ASSETCATALOG_COMPILER_LAUNCHIMAGE_NAME = BrandAsset;
				CODE_SIGN_IDENTITY = "iPhone Developer";
				INFOPLIST_FILE = Go2Study/Info.plist;
				IPHONEOS_DEPLOYMENT_TARGET = 9.1;
				LD_RUNPATH_SEARCH_PATHS = "$(inherited) @executable_path/Frameworks";
				PRODUCT_BUNDLE_IDENTIFIER = lol.go2study.Go2Study;
				PRODUCT_NAME = "$(TARGET_NAME)";
			};
			name = Debug;
		};
		757785AA1BC5438A00632BCE /* Release */ = {
			isa = XCBuildConfiguration;
			baseConfigurationReference = 6B3FA0AD4E81A0F9CA9B5A29 /* Pods.release.xcconfig */;
			buildSettings = {
				ASSETCATALOG_COMPILER_APPICON_NAME = AppIcon;
				ASSETCATALOG_COMPILER_LAUNCHIMAGE_NAME = BrandAsset;
				CODE_SIGN_IDENTITY = "iPhone Developer";
				INFOPLIST_FILE = Go2Study/Info.plist;
				IPHONEOS_DEPLOYMENT_TARGET = 9.1;
				LD_RUNPATH_SEARCH_PATHS = "$(inherited) @executable_path/Frameworks";
				PRODUCT_BUNDLE_IDENTIFIER = lol.go2study.Go2Study;
				PRODUCT_NAME = "$(TARGET_NAME)";
			};
			name = Release;
		};
		757785AC1BC5438A00632BCE /* Debug */ = {
			isa = XCBuildConfiguration;
			buildSettings = {
				BUNDLE_LOADER = "$(TEST_HOST)";
				INFOPLIST_FILE = Go2StudyTests/Info.plist;
				LD_RUNPATH_SEARCH_PATHS = "$(inherited) @executable_path/Frameworks @loader_path/Frameworks";
				PRODUCT_BUNDLE_IDENTIFIER = lol.go2study.Go2StudyTests;
				PRODUCT_NAME = "$(TARGET_NAME)";
				TEST_HOST = "$(BUILT_PRODUCTS_DIR)/Go2Study.app/Go2Study";
			};
			name = Debug;
		};
		757785AD1BC5438A00632BCE /* Release */ = {
			isa = XCBuildConfiguration;
			buildSettings = {
				BUNDLE_LOADER = "$(TEST_HOST)";
				INFOPLIST_FILE = Go2StudyTests/Info.plist;
				LD_RUNPATH_SEARCH_PATHS = "$(inherited) @executable_path/Frameworks @loader_path/Frameworks";
				PRODUCT_BUNDLE_IDENTIFIER = lol.go2study.Go2StudyTests;
				PRODUCT_NAME = "$(TARGET_NAME)";
				TEST_HOST = "$(BUILT_PRODUCTS_DIR)/Go2Study.app/Go2Study";
			};
			name = Release;
		};
		757785AF1BC5438A00632BCE /* Debug */ = {
			isa = XCBuildConfiguration;
			buildSettings = {
				INFOPLIST_FILE = Go2StudyUITests/Info.plist;
				LD_RUNPATH_SEARCH_PATHS = "$(inherited) @executable_path/Frameworks @loader_path/Frameworks";
				PRODUCT_BUNDLE_IDENTIFIER = lol.go2study.Go2StudyUITests;
				PRODUCT_NAME = "$(TARGET_NAME)";
				TEST_TARGET_NAME = Go2Study;
				USES_XCTRUNNER = YES;
			};
			name = Debug;
		};
		757785B01BC5438A00632BCE /* Release */ = {
			isa = XCBuildConfiguration;
			buildSettings = {
				INFOPLIST_FILE = Go2StudyUITests/Info.plist;
				LD_RUNPATH_SEARCH_PATHS = "$(inherited) @executable_path/Frameworks @loader_path/Frameworks";
				PRODUCT_BUNDLE_IDENTIFIER = lol.go2study.Go2StudyUITests;
				PRODUCT_NAME = "$(TARGET_NAME)";
				TEST_TARGET_NAME = Go2Study;
				USES_XCTRUNNER = YES;
			};
			name = Release;
		};
/* End XCBuildConfiguration section */

/* Begin XCConfigurationList section */
		757785731BC5438900632BCE /* Build configuration list for PBXProject "Go2Study" */ = {
			isa = XCConfigurationList;
			buildConfigurations = (
				757785A61BC5438A00632BCE /* Debug */,
				757785A71BC5438A00632BCE /* Release */,
			);
			defaultConfigurationIsVisible = 0;
			defaultConfigurationName = Release;
		};
		757785A81BC5438A00632BCE /* Build configuration list for PBXNativeTarget "Go2Study" */ = {
			isa = XCConfigurationList;
			buildConfigurations = (
				757785A91BC5438A00632BCE /* Debug */,
				757785AA1BC5438A00632BCE /* Release */,
			);
			defaultConfigurationIsVisible = 0;
			defaultConfigurationName = Release;
		};
		757785AB1BC5438A00632BCE /* Build configuration list for PBXNativeTarget "Go2StudyTests" */ = {
			isa = XCConfigurationList;
			buildConfigurations = (
				757785AC1BC5438A00632BCE /* Debug */,
				757785AD1BC5438A00632BCE /* Release */,
			);
			defaultConfigurationIsVisible = 0;
			defaultConfigurationName = Release;
		};
		757785AE1BC5438A00632BCE /* Build configuration list for PBXNativeTarget "Go2StudyUITests" */ = {
			isa = XCConfigurationList;
			buildConfigurations = (
				757785AF1BC5438A00632BCE /* Debug */,
				757785B01BC5438A00632BCE /* Release */,
			);
			defaultConfigurationIsVisible = 0;
			defaultConfigurationName = Release;
		};
/* End XCConfigurationList section */

/* Begin XCVersionGroup section */
		757785871BC5438900632BCE /* Go2Study.xcdatamodeld */ = {
			isa = XCVersionGroup;
			children = (
				757785881BC5438900632BCE /* Go2Study.xcdatamodel */,
			);
			currentVersion = 757785881BC5438900632BCE /* Go2Study.xcdatamodel */;
			path = Go2Study.xcdatamodeld;
			sourceTree = "<group>";
			versionGroupType = wrapper.xcdatamodel;
		};
/* End XCVersionGroup section */
	};
	rootObject = 757785701BC5438900632BCE /* Project object */;
}
